// !$*UTF8*$!
{
	archiveVersion = 1;
	classes = {
	};
	objectVersion = 46;
	objects = {

/* Begin PBXBuildFile section */
		296ED627226CC06500CB8624 /* AppsController.swift in Sources */ = {isa = PBXBuildFile; fileRef = 296ED626226CC06500CB8624 /* AppsController.swift */; };
		296ED629226CC0F600CB8624 /* BaseListController.swift in Sources */ = {isa = PBXBuildFile; fileRef = 296ED628226CC0F600CB8624 /* BaseListController.swift */; };
		296ED62D226CC1FA00CB8624 /* AppsGroupCell.swift in Sources */ = {isa = PBXBuildFile; fileRef = 296ED62C226CC1FA00CB8624 /* AppsGroupCell.swift */; };
		296ED62F226CC35400CB8624 /* UILabel+Extension.swift in Sources */ = {isa = PBXBuildFile; fileRef = 296ED62E226CC35400CB8624 /* UILabel+Extension.swift */; };
		29CE7711226AF5E700E19B9D /* BaseTabBarController.swift in Sources */ = {isa = PBXBuildFile; fileRef = 29CE7710226AF5E700E19B9D /* BaseTabBarController.swift */; };
		29E799D2226C506C005DF8BE /* SearchResult.swift in Sources */ = {isa = PBXBuildFile; fileRef = 29E799D1226C506C005DF8BE /* SearchResult.swift */; };
		29E799D5226C583E005DF8BE /* Service.swift in Sources */ = {isa = PBXBuildFile; fileRef = 29E799D4226C583E005DF8BE /* Service.swift */; };
		62E936EE4F1C2581A05F153E /* Pods_AStore.framework in Frameworks */ = {isa = PBXBuildFile; fileRef = 9989309381E8DD5FD4CC6495 /* Pods_AStore.framework */; };
		F426E0F4DDFF5242C4286288 /* Assets.xcassets in Resources */ = {isa = PBXBuildFile; fileRef = F426E47ECFB1834BADA8D320 /* Assets.xcassets */; };
		F426E342B23B4903D1D6C6EB /* LaunchScreen.storyboard in Resources */ = {isa = PBXBuildFile; fileRef = F426E9B3673E57ADBDB5755E /* LaunchScreen.storyboard */; };
		F426E5171AD6C0952808A59D /* UIView+Layout.swift in Sources */ = {isa = PBXBuildFile; fileRef = F426E19C48CB1766A16BEB1E /* UIView+Layout.swift */; };
		F426E810DE2CF9CF1F8D0547 /* SearchResultCell.swift in Sources */ = {isa = PBXBuildFile; fileRef = F426EECD026296C13A5FF045 /* SearchResultCell.swift */; };
		F426EAD3E48AD91F9007299F /* VerticalStackView.swift in Sources */ = {isa = PBXBuildFile; fileRef = F426E453368FA766E9D914E6 /* VerticalStackView.swift */; };
		F426EB5BF7B394CA46366462 /* AppSearchController.swift in Sources */ = {isa = PBXBuildFile; fileRef = F426EA4FF0F63D19F0F85FFC /* AppSearchController.swift */; };
		F426EFF52902FFE83257F9E0 /* AppDelegate.swift in Sources */ = {isa = PBXBuildFile; fileRef = F426E13B75F3BCDF87AA0DE8 /* AppDelegate.swift */; };
/* End PBXBuildFile section */

/* Begin PBXFileReference section */
		296ED626226CC06500CB8624 /* AppsController.swift */ = {isa = PBXFileReference; lastKnownFileType = sourcecode.swift; path = AppsController.swift; sourceTree = "<group>"; };
		296ED628226CC0F600CB8624 /* BaseListController.swift */ = {isa = PBXFileReference; lastKnownFileType = sourcecode.swift; path = BaseListController.swift; sourceTree = "<group>"; };
		296ED62C226CC1FA00CB8624 /* AppsGroupCell.swift */ = {isa = PBXFileReference; lastKnownFileType = sourcecode.swift; path = AppsGroupCell.swift; sourceTree = "<group>"; };
		296ED62E226CC35400CB8624 /* UILabel+Extension.swift */ = {isa = PBXFileReference; lastKnownFileType = sourcecode.swift; path = "UILabel+Extension.swift"; sourceTree = "<group>"; };
		29CE7710226AF5E700E19B9D /* BaseTabBarController.swift */ = {isa = PBXFileReference; lastKnownFileType = sourcecode.swift; path = BaseTabBarController.swift; sourceTree = "<group>"; };
		29E799D1226C506C005DF8BE /* SearchResult.swift */ = {isa = PBXFileReference; lastKnownFileType = sourcecode.swift; path = SearchResult.swift; sourceTree = "<group>"; };
		29E799D4226C583E005DF8BE /* Service.swift */ = {isa = PBXFileReference; lastKnownFileType = sourcecode.swift; path = Service.swift; sourceTree = "<group>"; };
		4EE4AFDD5AD2183B7ADE68F2 /* Pods-AStore.release.xcconfig */ = {isa = PBXFileReference; includeInIndex = 1; lastKnownFileType = text.xcconfig; name = "Pods-AStore.release.xcconfig"; path = "Target Support Files/Pods-AStore/Pods-AStore.release.xcconfig"; sourceTree = "<group>"; };
		6EF2C5F22C58BE5FBEB19E56 /* Pods-AStore.debug.xcconfig */ = {isa = PBXFileReference; includeInIndex = 1; lastKnownFileType = text.xcconfig; name = "Pods-AStore.debug.xcconfig"; path = "Target Support Files/Pods-AStore/Pods-AStore.debug.xcconfig"; sourceTree = "<group>"; };
		9989309381E8DD5FD4CC6495 /* Pods_AStore.framework */ = {isa = PBXFileReference; explicitFileType = wrapper.framework; includeInIndex = 0; path = Pods_AStore.framework; sourceTree = BUILT_PRODUCTS_DIR; };
		F426E13B75F3BCDF87AA0DE8 /* AppDelegate.swift */ = {isa = PBXFileReference; lastKnownFileType = sourcecode.swift; path = AppDelegate.swift; sourceTree = "<group>"; };
		F426E19C48CB1766A16BEB1E /* UIView+Layout.swift */ = {isa = PBXFileReference; fileEncoding = 4; lastKnownFileType = sourcecode.swift; path = "UIView+Layout.swift"; sourceTree = "<group>"; };
		F426E453368FA766E9D914E6 /* VerticalStackView.swift */ = {isa = PBXFileReference; fileEncoding = 4; lastKnownFileType = sourcecode.swift; path = VerticalStackView.swift; sourceTree = "<group>"; };
		F426E47ECFB1834BADA8D320 /* Assets.xcassets */ = {isa = PBXFileReference; lastKnownFileType = folder.assetcatalog; path = Assets.xcassets; sourceTree = "<group>"; };
		F426E9B3673E57ADBDB5755E /* LaunchScreen.storyboard */ = {isa = PBXFileReference; lastKnownFileType = file.storyboard; path = LaunchScreen.storyboard; sourceTree = "<group>"; };
		F426EA4FF0F63D19F0F85FFC /* AppSearchController.swift */ = {isa = PBXFileReference; fileEncoding = 4; lastKnownFileType = sourcecode.swift; path = AppSearchController.swift; sourceTree = "<group>"; };
		F426ED6ABE50140B68ADD9EB /* Info.plist */ = {isa = PBXFileReference; fileEncoding = 4; lastKnownFileType = text.plist.info; path = Info.plist; sourceTree = "<group>"; };
		F426EDA8F060FC8A5611227F /* AStore.app */ = {isa = PBXFileReference; explicitFileType = wrapper.application; includeInIndex = 0; path = AStore.app; sourceTree = BUILT_PRODUCTS_DIR; };
		F426EECD026296C13A5FF045 /* SearchResultCell.swift */ = {isa = PBXFileReference; fileEncoding = 4; lastKnownFileType = sourcecode.swift; path = SearchResultCell.swift; sourceTree = "<group>"; };
/* End PBXFileReference section */

/* Begin PBXFrameworksBuildPhase section */
		F426EA5A0A5928D3B190E08C /* Frameworks */ = {
			isa = PBXFrameworksBuildPhase;
			buildActionMask = 2147483647;
			files = (
				62E936EE4F1C2581A05F153E /* Pods_AStore.framework in Frameworks */,
			);
			runOnlyForDeploymentPostprocessing = 0;
		};
/* End PBXFrameworksBuildPhase section */

/* Begin PBXGroup section */
		06E4B9FF780C06C92371CEA2 /* Pods */ = {
			isa = PBXGroup;
			children = (
				6EF2C5F22C58BE5FBEB19E56 /* Pods-AStore.debug.xcconfig */,
				4EE4AFDD5AD2183B7ADE68F2 /* Pods-AStore.release.xcconfig */,
			);
			path = Pods;
			sourceTree = "<group>";
		};
		084D408E15F578BE538711D1 /* Frameworks */ = {
			isa = PBXGroup;
			children = (
				9989309381E8DD5FD4CC6495 /* Pods_AStore.framework */,
			);
			name = Frameworks;
			sourceTree = "<group>";
		};
		296ED625226CC05E00CB8624 /* Apps */ = {
			isa = PBXGroup;
			children = (
				296ED626226CC06500CB8624 /* AppsController.swift */,
			);
			path = Apps;
			sourceTree = "<group>";
		};
		296ED62A226CC13F00CB8624 /* Search */ = {
			isa = PBXGroup;
			children = (
				F426EA4FF0F63D19F0F85FFC /* AppSearchController.swift */,
			);
			path = Search;
			sourceTree = "<group>";
		};
		296ED62B226CC1ED00CB8624 /* Apps */ = {
			isa = PBXGroup;
			children = (
				296ED62C226CC1FA00CB8624 /* AppsGroupCell.swift */,
			);
			path = Apps;
			sourceTree = "<group>";
		};
		29E799D0226C5061005DF8BE /* Models */ = {
			isa = PBXGroup;
			children = (
				29E799D1226C506C005DF8BE /* SearchResult.swift */,
			);
			path = Models;
			sourceTree = "<group>";
		};
		29E799D3226C5822005DF8BE /* Services */ = {
			isa = PBXGroup;
			children = (
				29E799D4226C583E005DF8BE /* Service.swift */,
			);
			path = Services;
			sourceTree = "<group>";
		};
		F426E37EE02680597118FCA3 /* Controller */ = {
			isa = PBXGroup;
			children = (
				296ED62A226CC13F00CB8624 /* Search */,
				296ED625226CC05E00CB8624 /* Apps */,
				29CE7710226AF5E700E19B9D /* BaseTabBarController.swift */,
				296ED628226CC0F600CB8624 /* BaseListController.swift */,
			);
			path = Controller;
			sourceTree = "<group>";
		};
		F426E44D0D065FC69BBB665F = {
			isa = PBXGroup;
			children = (
				F426E4933FCC6CC5103DF10D /* Products */,
				F426E6B51BE95801A562E2F2 /* AStore */,
				06E4B9FF780C06C92371CEA2 /* Pods */,
				084D408E15F578BE538711D1 /* Frameworks */,
			);
			sourceTree = "<group>";
		};
		F426E4933FCC6CC5103DF10D /* Products */ = {
			isa = PBXGroup;
			children = (
				F426EDA8F060FC8A5611227F /* AStore.app */,
			);
			name = Products;
			sourceTree = "<group>";
		};
		F426E6B51BE95801A562E2F2 /* AStore */ = {
			isa = PBXGroup;
			children = (
				29E799D3226C5822005DF8BE /* Services */,
				29E799D0226C5061005DF8BE /* Models */,
				F426E13B75F3BCDF87AA0DE8 /* AppDelegate.swift */,
				F426E93D0C31D23080727742 /* Resources */,
				F426E37EE02680597118FCA3 /* Controller */,
				F426E99E620B26EAAD191E51 /* Views */,
				F426E796F62C21390078C9AD /* Helpers */,
			);
			path = AStore;
			sourceTree = "<group>";
		};
		F426E796F62C21390078C9AD /* Helpers */ = {
			isa = PBXGroup;
			children = (
				F426E19C48CB1766A16BEB1E /* UIView+Layout.swift */,
				296ED62E226CC35400CB8624 /* UILabel+Extension.swift */,
			);
			path = Helpers;
			sourceTree = "<group>";
		};
		F426E93D0C31D23080727742 /* Resources */ = {
			isa = PBXGroup;
			children = (
				F426E47ECFB1834BADA8D320 /* Assets.xcassets */,
				F426ED6ABE50140B68ADD9EB /* Info.plist */,
				F426E9B3673E57ADBDB5755E /* LaunchScreen.storyboard */,
			);
			path = Resources;
			sourceTree = "<group>";
		};
		F426E99E620B26EAAD191E51 /* Views */ = {
			isa = PBXGroup;
			children = (
				296ED62B226CC1ED00CB8624 /* Apps */,
				F426EECD026296C13A5FF045 /* SearchResultCell.swift */,
				F426E453368FA766E9D914E6 /* VerticalStackView.swift */,
			);
			path = Views;
			sourceTree = "<group>";
		};
/* End PBXGroup section */

/* Begin PBXNativeTarget section */
		F426EA8DA18D6546EACEBFB0 /* AStore */ = {
			isa = PBXNativeTarget;
			buildConfigurationList = F426E5CFEB69F1BADA2EC992 /* Build configuration list for PBXNativeTarget "AStore" */;
			buildPhases = (
				6427131E87791F1088072949 /* [CP] Check Pods Manifest.lock */,
				F426E439371D04440761DA1C /* Sources */,
				F426EA5A0A5928D3B190E08C /* Frameworks */,
				F426EC831C572B6E89038FE3 /* Resources */,
				299C05F9226AF258007916E4 /* Swift Lint */,
				75D481ABDD5AB849E19E16E6 /* [CP] Embed Pods Frameworks */,
			);
			buildRules = (
			);
			dependencies = (
			);
			name = AStore;
			productName = AStore;
			productReference = F426EDA8F060FC8A5611227F /* AStore.app */;
			productType = "com.apple.product-type.application";
		};
/* End PBXNativeTarget section */

/* Begin PBXProject section */
		F426E434D5BB33EA263FC016 /* Project object */ = {
			isa = PBXProject;
			attributes = {
				LastUpgradeCheck = 1020;
				ORGANIZATIONNAME = "Scott Moon";
			};
			buildConfigurationList = F426EDAFC3E71D9EA5400091 /* Build configuration list for PBXProject "AStore" */;
			compatibilityVersion = "Xcode 3.2";
			developmentRegion = en;
			hasScannedForEncodings = 0;
			knownRegions = (
				en,
				Base,
			);
			mainGroup = F426E44D0D065FC69BBB665F;
			productRefGroup = F426E4933FCC6CC5103DF10D /* Products */;
			projectDirPath = "";
			projectRoot = "";
			targets = (
				F426EA8DA18D6546EACEBFB0 /* AStore */,
			);
		};
/* End PBXProject section */

/* Begin PBXResourcesBuildPhase section */
		F426EC831C572B6E89038FE3 /* Resources */ = {
			isa = PBXResourcesBuildPhase;
			buildActionMask = 2147483647;
			files = (
				F426E0F4DDFF5242C4286288 /* Assets.xcassets in Resources */,
				F426E342B23B4903D1D6C6EB /* LaunchScreen.storyboard in Resources */,
			);
			runOnlyForDeploymentPostprocessing = 0;
		};
/* End PBXResourcesBuildPhase section */

/* Begin PBXShellScriptBuildPhase section */
		299C05F9226AF258007916E4 /* Swift Lint */ = {
			isa = PBXShellScriptBuildPhase;
			buildActionMask = 2147483647;
			files = (
			);
			inputFileListPaths = (
			);
			inputPaths = (
			);
			name = "Swift Lint";
			outputFileListPaths = (
			);
			outputPaths = (
			);
			runOnlyForDeploymentPostprocessing = 0;
			shellPath = /bin/sh;
			shellScript = "if [[ \"$CI\" == 'true' ]]; then\nexit 0\nfi\n\nif [[ -s \"${PODS_ROOT}/SwiftLint/swiftlint\" ]]; then\necho 'Linting...'\n\"${PODS_ROOT}/SwiftLint/swiftlint\"\nelse\necho 'error: SwiftLint not installed, please read README first.'\nexit 1\nfi\n\n";
		};
		6427131E87791F1088072949 /* [CP] Check Pods Manifest.lock */ = {
			isa = PBXShellScriptBuildPhase;
			buildActionMask = 2147483647;
			files = (
			);
			inputFileListPaths = (
			);
			inputPaths = (
				"${PODS_PODFILE_DIR_PATH}/Podfile.lock",
				"${PODS_ROOT}/Manifest.lock",
			);
			name = "[CP] Check Pods Manifest.lock";
			outputFileListPaths = (
			);
			outputPaths = (
				"$(DERIVED_FILE_DIR)/Pods-AStore-checkManifestLockResult.txt",
			);
			runOnlyForDeploymentPostprocessing = 0;
			shellPath = /bin/sh;
			shellScript = "diff \"${PODS_PODFILE_DIR_PATH}/Podfile.lock\" \"${PODS_ROOT}/Manifest.lock\" > /dev/null\nif [ $? != 0 ] ; then\n    # print error to STDERR\n    echo \"error: The sandbox is not in sync with the Podfile.lock. Run 'pod install' or update your CocoaPods installation.\" >&2\n    exit 1\nfi\n# This output is used by Xcode 'outputs' to avoid re-running this script phase.\necho \"SUCCESS\" > \"${SCRIPT_OUTPUT_FILE_0}\"\n";
			showEnvVarsInLog = 0;
		};
		75D481ABDD5AB849E19E16E6 /* [CP] Embed Pods Frameworks */ = {
			isa = PBXShellScriptBuildPhase;
			buildActionMask = 2147483647;
			files = (
			);
			inputFileListPaths = (
			);
			inputPaths = (
				"${PODS_ROOT}/Target Support Files/Pods-AStore/Pods-AStore-frameworks.sh",
				"${BUILT_PRODUCTS_DIR}/SDWebImage/SDWebImage.framework",
			);
			name = "[CP] Embed Pods Frameworks";
			outputFileListPaths = (
			);
			outputPaths = (
				"${TARGET_BUILD_DIR}/${FRAMEWORKS_FOLDER_PATH}/SDWebImage.framework",
			);
			runOnlyForDeploymentPostprocessing = 0;
			shellPath = /bin/sh;
			shellScript = "\"${PODS_ROOT}/Target Support Files/Pods-AStore/Pods-AStore-frameworks.sh\"\n";
			showEnvVarsInLog = 0;
		};
/* End PBXShellScriptBuildPhase section */

/* Begin PBXSourcesBuildPhase section */
		F426E439371D04440761DA1C /* Sources */ = {
			isa = PBXSourcesBuildPhase;
			buildActionMask = 2147483647;
			files = (
				296ED629226CC0F600CB8624 /* BaseListController.swift in Sources */,
				F426EFF52902FFE83257F9E0 /* AppDelegate.swift in Sources */,
				296ED62D226CC1FA00CB8624 /* AppsGroupCell.swift in Sources */,
				29E799D5226C583E005DF8BE /* Service.swift in Sources */,
				296ED627226CC06500CB8624 /* AppsController.swift in Sources */,
				29E799D2226C506C005DF8BE /* SearchResult.swift in Sources */,
				29CE7711226AF5E700E19B9D /* BaseTabBarController.swift in Sources */,
				F426EB5BF7B394CA46366462 /* AppSearchController.swift in Sources */,
				296ED62F226CC35400CB8624 /* UILabel+Extension.swift in Sources */,
				F426E810DE2CF9CF1F8D0547 /* SearchResultCell.swift in Sources */,
				F426E5171AD6C0952808A59D /* UIView+Layout.swift in Sources */,
				F426EAD3E48AD91F9007299F /* VerticalStackView.swift in Sources */,
			);
			runOnlyForDeploymentPostprocessing = 0;
		};
/* End PBXSourcesBuildPhase section */

/* Begin XCBuildConfiguration section */
		F426ED11F67F7BA76A130FDD /* Release */ = {
			isa = XCBuildConfiguration;
			buildSettings = {
				ALWAYS_SEARCH_USER_PATHS = NO;
				CLANG_ANALYZER_LOCALIZABILITY_NONLOCALIZED = YES;
				CLANG_ANALYZER_NONNULL = YES;
				CLANG_ANALYZER_NUMBER_OBJECT_CONVERSION = YES_AGGRESSIVE;
				CLANG_CXX_LANGUAGE_STANDARD = "gnu++14";
				CLANG_CXX_LIBRARY = "libc++";
				CLANG_ENABLE_MODULES = YES;
				CLANG_ENABLE_OBJC_ARC = YES;
				CLANG_ENABLE_OBJC_WEAK = YES;
				CLANG_WARN_BLOCK_CAPTURE_AUTORELEASING = YES;
				CLANG_WARN_BOOL_CONVERSION = YES;
				CLANG_WARN_COMMA = YES;
				CLANG_WARN_CONSTANT_CONVERSION = YES;
				CLANG_WARN_DEPRECATED_OBJC_IMPLEMENTATIONS = YES;
				CLANG_WARN_DIRECT_OBJC_ISA_USAGE = YES_ERROR;
				CLANG_WARN_DOCUMENTATION_COMMENTS = YES;
				CLANG_WARN_EMPTY_BODY = YES;
				CLANG_WARN_ENUM_CONVERSION = YES;
				CLANG_WARN_INFINITE_RECURSION = YES;
				CLANG_WARN_INT_CONVERSION = YES;
				CLANG_WARN_NON_LITERAL_NULL_CONVERSION = YES;
				CLANG_WARN_OBJC_IMPLICIT_RETAIN_SELF = YES;
				CLANG_WARN_OBJC_LITERAL_CONVERSION = YES;
				CLANG_WARN_OBJC_ROOT_CLASS = YES_ERROR;
				CLANG_WARN_RANGE_LOOP_ANALYSIS = YES;
				CLANG_WARN_STRICT_PROTOTYPES = YES;
				CLANG_WARN_SUSPICIOUS_MOVE = YES;
				CLANG_WARN_UNGUARDED_AVAILABILITY = YES_AGGRESSIVE;
				CLANG_WARN_UNREACHABLE_CODE = YES;
				CLANG_WARN__DUPLICATE_METHOD_MATCH = YES;
				CODE_SIGN_IDENTITY = "iPhone Developer";
				COPY_PHASE_STRIP = NO;
				DEBUG_INFORMATION_FORMAT = "dwarf-with-dsym";
				ENABLE_NS_ASSERTIONS = NO;
				ENABLE_STRICT_OBJC_MSGSEND = YES;
				GCC_C_LANGUAGE_STANDARD = gnu11;
				GCC_NO_COMMON_BLOCKS = YES;
				GCC_WARN_64_TO_32_BIT_CONVERSION = YES;
				GCC_WARN_ABOUT_RETURN_TYPE = YES_ERROR;
				GCC_WARN_UNDECLARED_SELECTOR = YES;
				GCC_WARN_UNINITIALIZED_AUTOS = YES_AGGRESSIVE;
				GCC_WARN_UNUSED_FUNCTION = YES;
				GCC_WARN_UNUSED_VARIABLE = YES;
				IPHONEOS_DEPLOYMENT_TARGET = 12.2;
				MTL_ENABLE_DEBUG_INFO = NO;
				MTL_FAST_MATH = YES;
				SDKROOT = iphoneos;
				SWIFT_OPTIMIZATION_LEVEL = "-Owholemodule";
				SWIFT_VERSION = 5.0;
				VALIDATE_PRODUCT = YES;
			};
			name = Release;
		};
		F426EDAE5C25A78C7A027FC3 /* Release */ = {
			isa = XCBuildConfiguration;
			baseConfigurationReference = 4EE4AFDD5AD2183B7ADE68F2 /* Pods-AStore.release.xcconfig */;
			buildSettings = {
				ASSETCATALOG_COMPILER_APPICON_NAME = AppIcon;
				INFOPLIST_FILE = "$(SRCROOT)/AStore/Resources/Info.plist";
				LD_RUNPATH_SEARCH_PATHS = "$(inherited) @executable_path/Frameworks";
				PRODUCT_BUNDLE_IDENTIFIER = git.interactord.AStore;
				PRODUCT_NAME = "$(TARGET_NAME)";
				SWIFT_VERSION = 5.0;
				TARGETED_DEVICE_FAMILY = "1,2";
			};
			name = Release;
		};
		F426EECB2F16B3C591013945 /* Debug */ = {
			isa = XCBuildConfiguration;
			buildSettings = {
				ALWAYS_SEARCH_USER_PATHS = NO;
				CLANG_ANALYZER_LOCALIZABILITY_NONLOCALIZED = YES;
				CLANG_ANALYZER_NONNULL = YES;
				CLANG_ANALYZER_NUMBER_OBJECT_CONVERSION = YES_AGGRESSIVE;
				CLANG_CXX_LANGUAGE_STANDARD = "gnu++14";
				CLANG_CXX_LIBRARY = "libc++";
				CLANG_ENABLE_MODULES = YES;
				CLANG_ENABLE_OBJC_ARC = YES;
				CLANG_ENABLE_OBJC_WEAK = YES;
				CLANG_WARN_BLOCK_CAPTURE_AUTORELEASING = YES;
				CLANG_WARN_BOOL_CONVERSION = YES;
				CLANG_WARN_COMMA = YES;
				CLANG_WARN_CONSTANT_CONVERSION = YES;
				CLANG_WARN_DEPRECATED_OBJC_IMPLEMENTATIONS = YES;
				CLANG_WARN_DIRECT_OBJC_ISA_USAGE = YES_ERROR;
				CLANG_WARN_DOCUMENTATION_COMMENTS = YES;
				CLANG_WARN_EMPTY_BODY = YES;
				CLANG_WARN_ENUM_CONVERSION = YES;
				CLANG_WARN_INFINITE_RECURSION = YES;
				CLANG_WARN_INT_CONVERSION = YES;
				CLANG_WARN_NON_LITERAL_NULL_CONVERSION = YES;
				CLANG_WARN_OBJC_IMPLICIT_RETAIN_SELF = YES;
				CLANG_WARN_OBJC_LITERAL_CONVERSION = YES;
				CLANG_WARN_OBJC_ROOT_CLASS = YES_ERROR;
				CLANG_WARN_RANGE_LOOP_ANALYSIS = YES;
				CLANG_WARN_STRICT_PROTOTYPES = YES;
				CLANG_WARN_SUSPICIOUS_MOVE = YES;
				CLANG_WARN_UNGUARDED_AVAILABILITY = YES_AGGRESSIVE;
				CLANG_WARN_UNREACHABLE_CODE = YES;
				CLANG_WARN__DUPLICATE_METHOD_MATCH = YES;
				CODE_SIGN_IDENTITY = "iPhone Developer";
				COPY_PHASE_STRIP = NO;
				DEBUG_INFORMATION_FORMAT = dwarf;
				ENABLE_STRICT_OBJC_MSGSEND = YES;
				ENABLE_TESTABILITY = YES;
				GCC_C_LANGUAGE_STANDARD = gnu11;
				GCC_DYNAMIC_NO_PIC = NO;
				GCC_NO_COMMON_BLOCKS = YES;
				GCC_OPTIMIZATION_LEVEL = 0;
				GCC_PREPROCESSOR_DEFINITIONS = (
					"DEBUG=1",
					"$(inherited)",
				);
				GCC_WARN_64_TO_32_BIT_CONVERSION = YES;
				GCC_WARN_ABOUT_RETURN_TYPE = YES_ERROR;
				GCC_WARN_UNDECLARED_SELECTOR = YES;
				GCC_WARN_UNINITIALIZED_AUTOS = YES_AGGRESSIVE;
				GCC_WARN_UNUSED_FUNCTION = YES;
				GCC_WARN_UNUSED_VARIABLE = YES;
				IPHONEOS_DEPLOYMENT_TARGET = 12.2;
				MTL_ENABLE_DEBUG_INFO = INCLUDE_SOURCE;
				MTL_FAST_MATH = YES;
				ONLY_ACTIVE_ARCH = YES;
				SDKROOT = iphoneos;
				SWIFT_ACTIVE_COMPILATION_CONDITIONS = DEBUG;
				SWIFT_OPTIMIZATION_LEVEL = "-Onone";
				SWIFT_VERSION = 5.0;
			};
			name = Debug;
		};
		F426EF7898DA2CB91D661C35 /* Debug */ = {
			isa = XCBuildConfiguration;
			baseConfigurationReference = 6EF2C5F22C58BE5FBEB19E56 /* Pods-AStore.debug.xcconfig */;
			buildSettings = {
				ASSETCATALOG_COMPILER_APPICON_NAME = AppIcon;
				INFOPLIST_FILE = "$(SRCROOT)/AStore/Resources/Info.plist";
				LD_RUNPATH_SEARCH_PATHS = "$(inherited) @executable_path/Frameworks";
				PRODUCT_BUNDLE_IDENTIFIER = git.interactord.AStore;
				PRODUCT_NAME = "$(TARGET_NAME)";
				SWIFT_VERSION = 5.0;
				TARGETED_DEVICE_FAMILY = "1,2";
			};
			name = Debug;
		};
/* End XCBuildConfiguration section */

/* Begin XCConfigurationList section */
		F426E5CFEB69F1BADA2EC992 /* Build configuration list for PBXNativeTarget "AStore" */ = {
			isa = XCConfigurationList;
			buildConfigurations = (
				F426EF7898DA2CB91D661C35 /* Debug */,
				F426EDAE5C25A78C7A027FC3 /* Release */,
			);
			defaultConfigurationIsVisible = 0;
			defaultConfigurationName = Release;
		};
		F426EDAFC3E71D9EA5400091 /* Build configuration list for PBXProject "AStore" */ = {
			isa = XCConfigurationList;
			buildConfigurations = (
				F426EECB2F16B3C591013945 /* Debug */,
				F426ED11F67F7BA76A130FDD /* Release */,
			);
			defaultConfigurationIsVisible = 0;
			defaultConfigurationName = Release;
		};
/* End XCConfigurationList section */
	};
	rootObject = F426E434D5BB33EA263FC016 /* Project object */;
}
